
Microsoft Visual Studio Solution File, Format Version 12.00
# Visual Studio 15
VisualStudioVersion = 15.0.28307.421
MinimumVisualStudioVersion = 10.0.40219.1
Project("{9A19103F-16F7-4668-BE54-9A1E7A4F7556}") = "PickyApi", "PickyApi\PickyApi.csproj", "{A96EE416-A0BF-41AB-AF58-82AFEFE4D656}"
EndProject
Global
	GlobalSection(SolutionConfigurationPlatforms) = preSolution
		Debug|Any CPU = Debug|Any CPU
		Release|Any CPU = Release|Any CPU
	EndGlobalSection
	GlobalSection(ProjectConfigurationPlatforms) = postSolution
		{A96EE416-A0BF-41AB-AF58-82AFEFE4D656}.Debug|Any CPU.ActiveCfg = Debug|Any CPU
		{A96EE416-A0BF-41AB-AF58-82AFEFE4D656}.Debug|Any CPU.Build.0 = Debug|Any CPU
		{A96EE416-A0BF-41AB-AF58-82AFEFE4D656}.Release|Any CPU.ActiveCfg = Release|Any CPU
		{A96EE416-A0BF-41AB-AF58-82AFEFE4D656}.Release|Any CPU.Build.0 = Release|Any CPU
	EndGlobalSection
	GlobalSection(SolutionProperties) = preSolution
		HideSolutionNode = FALSE
	EndGlobalSection
	GlobalSection(ExtensibilityGlobals) = postSolution
		SolutionGuid = {D1D5D941-4255-4BB9-913D-777E66AF4F83}
	EndGlobalSection
EndGlobal
